{
  "name": "weather",
  "lockfileVersion": 2,
  "requires": true,
  "packages": {
    "": {
      "dependencies": {
        "all-countries-and-cities-json": "^1.0.0",
        "countrycitystatejson": "^21.3.2702",
        "csvtojson": "^2.0.10",
        "requirejs": "^2.3.6"
      }
    },
    "node_modules/all-countries-and-cities-json": {
      "version": "1.0.0",
      "resolved": "https://registry.npmjs.org/all-countries-and-cities-json/-/all-countries-and-cities-json-1.0.0.tgz",
      "integrity": "sha512-0xumBE+FtIP3VLcxFP4pybITuFpqIjcEWokdus3dy/E5+4Yr9U9xQf6ZZDxfv1W1dMPS/1rPE6KPqYfs9EHKbQ=="
    },
    "node_modules/bluebird": {
      "version": "3.7.2",
      "resolved": "https://registry.npmjs.org/bluebird/-/bluebird-3.7.2.tgz",
      "integrity": "sha512-XpNj6GDQzdfW+r2Wnn7xiSAd7TM3jzkxGXBGTtWKuSXv1xUV+azxAm8jdWZN06QTQk+2N2XB9jRDkvbmQmcRtg=="
    },
    "node_modules/countries-list": {
      "version": "2.6.1",
      "resolved": "https://registry.npmjs.org/countries-list/-/countries-list-2.6.1.tgz",
      "integrity": "sha512-jXM1Nv3U56dPQ1DsUSsEaGmLHburo4fnB7m+1yhWDUVvx5gXCd1ok/y3gXCjXzhqyawG+igcPYcAl4qjkvopaQ=="
    },
    "node_modules/country-state-city": {
      "version": "0.0.5",
      "resolved": "https://registry.npmjs.org/country-state-city/-/country-state-city-0.0.5.tgz",
      "integrity": "sha512-5zFs+RiYNYzl0AVp89ofucZ6NVFvg5cSrPvP9LlDEqa40uh+0SLEp7pJXL4493X4rs3qG3leC0zQxUBWwzQp/Q=="
    },
    "node_modules/countrycitystatejson": {
      "version": "21.3.2702",
      "resolved": "https://registry.npmjs.org/countrycitystatejson/-/countrycitystatejson-21.3.2702.tgz",
      "integrity": "sha512-z/NxechdPSKNHNV0Fld1cG2YWQmxT2ItYEgjjGny5BLNyAAqyLI0joRfZ2yUKG0wtZaexFa9A94GWoVPt6a+Fw==",
      "dependencies": {
        "countries-list": "^2.3.2",
        "country-state-city": "0.0.5",
        "trie-search": "^1.3.5"
      }
    },
    "node_modules/csvtojson": {
      "version": "2.0.10",
      "resolved": "https://registry.npmjs.org/csvtojson/-/csvtojson-2.0.10.tgz",
      "integrity": "sha512-lUWFxGKyhraKCW8Qghz6Z0f2l/PqB1W3AO0HKJzGIQ5JRSlR651ekJDiGJbBT4sRNNv5ddnSGVEnsxP9XRCVpQ==",
      "dependencies": {
        "bluebird": "^3.5.1",
        "lodash": "^4.17.3",
        "strip-bom": "^2.0.0"
      },
      "bin": {
        "csvtojson": "bin/csvtojson"
      },
      "engines": {
        "node": ">=4.0.0"
      }
    },
    "node_modules/hasharray": {
      "version": "1.1.2",
      "resolved": "https://registry.npmjs.org/hasharray/-/hasharray-1.1.2.tgz",
      "integrity": "sha512-7w3idwaVXX9gL9LiTCBSNKRGTBcp2WI/kf13UYeZ9+trOGBHVYHei6qtMY6DVnwGOouVUSRg0+L2xf4Q2/CmzA==",
      "dependencies": {
        "jclass": "^1.0.1"
      }
    },
    "node_modules/is-utf8": {
      "version": "0.2.1",
      "resolved": "https://registry.npmjs.org/is-utf8/-/is-utf8-0.2.1.tgz",
      "integrity": "sha512-rMYPYvCzsXywIsldgLaSoPlw5PfoB/ssr7hY4pLfcodrA5M/eArza1a9VmTiNIBNMjOGr1Ow9mTyU2o69U6U9Q=="
    },
    "node_modules/jclass": {
      "version": "1.2.1",
      "resolved": "https://registry.npmjs.org/jclass/-/jclass-1.2.1.tgz",
      "integrity": "sha512-mRx8uv1qJLOtxbRf3IWOQIH2ro7VIPn6ZkhbTcUJvJEslLzYA7BSATXDi/GR1yKYV9DASsjTZL+0YJPdqSMznw==",
      "engines": {
        "node": ">= 0.6"
      }
    },
    "node_modules/lodash": {
      "version": "4.17.21",
      "resolved": "https://registry.npmjs.org/lodash/-/lodash-4.17.21.tgz",
      "integrity": "sha512-v2kDEe57lecTulaDIuNTPy3Ry4gLGJ6Z1O3vE1krgXZNrsQ+LFTGHVxVjcXPs17LhbZVGedAJv8XZ1tvj5FvSg=="
    },
    "node_modules/requirejs": {
      "version": "2.3.6",
      "resolved": "https://registry.npmjs.org/requirejs/-/requirejs-2.3.6.tgz",
      "integrity": "sha512-ipEzlWQe6RK3jkzikgCupiTbTvm4S0/CAU5GlgptkN5SO6F3u0UD0K18wy6ErDqiCyP4J4YYe1HuAShvsxePLg==",
      "bin": {
        "r_js": "bin/r.js",
        "r.js": "bin/r.js"
      },
      "engines": {
        "node": ">=0.4.0"
      }
    },
    "node_modules/strip-bom": {
      "version": "2.0.0",
      "resolved": "https://registry.npmjs.org/strip-bom/-/strip-bom-2.0.0.tgz",
      "integrity": "sha512-kwrX1y7czp1E69n2ajbG65mIo9dqvJ+8aBQXOGVxqwvNbsXdFM6Lq37dLAY3mknUwru8CfcCbfOLL/gMo+fi3g==",
      "dependencies": {
        "is-utf8": "^0.2.0"
      },
      "engines": {
        "node": ">=0.10.0"
      }
    },
    "node_modules/trie-search": {
      "version": "1.4.1",
      "resolved": "https://registry.npmjs.org/trie-search/-/trie-search-1.4.1.tgz",
      "integrity": "sha512-kiUwFrR9qwQv1Iks6o/VbqYQCJ4lakQ/rWj+nl0h7rAzt4bY7nUa8TNSsKhZkgvzthX3EjrJQwXK3Bovm5oTNg==",
      "dependencies": {
        "hasharray": "^1.1.1"
      }
    }
  },
  "dependencies": {
    "all-countries-and-cities-json": {
      "version": "1.0.0",
      "resolved": "https://registry.npmjs.org/all-countries-and-cities-json/-/all-countries-and-cities-json-1.0.0.tgz",
      "integrity": "sha512-0xumBE+FtIP3VLcxFP4pybITuFpqIjcEWokdus3dy/E5+4Yr9U9xQf6ZZDxfv1W1dMPS/1rPE6KPqYfs9EHKbQ=="
    },
    "bluebird": {
      "version": "3.7.2",
      "resolved": "https://registry.npmjs.org/bluebird/-/bluebird-3.7.2.tgz",
      "integrity": "sha512-XpNj6GDQzdfW+r2Wnn7xiSAd7TM3jzkxGXBGTtWKuSXv1xUV+azxAm8jdWZN06QTQk+2N2XB9jRDkvbmQmcRtg=="
    },
    "countries-list": {
      "version": "2.6.1",
      "resolved": "https://registry.npmjs.org/countries-list/-/countries-list-2.6.1.tgz",
      "integrity": "sha512-jXM1Nv3U56dPQ1DsUSsEaGmLHburo4fnB7m+1yhWDUVvx5gXCd1ok/y3gXCjXzhqyawG+igcPYcAl4qjkvopaQ=="
    },
    "country-state-city": {
      "version": "0.0.5",
      "resolved": "https://registry.npmjs.org/country-state-city/-/country-state-city-0.0.5.tgz",
      "integrity": "sha512-5zFs+RiYNYzl0AVp89ofucZ6NVFvg5cSrPvP9LlDEqa40uh+0SLEp7pJXL4493X4rs3qG3leC0zQxUBWwzQp/Q=="
    },
    "countrycitystatejson": {
      "version": "21.3.2702",
      "resolved": "https://registry.npmjs.org/countrycitystatejson/-/countrycitystatejson-21.3.2702.tgz",
      "integrity": "sha512-z/NxechdPSKNHNV0Fld1cG2YWQmxT2ItYEgjjGny5BLNyAAqyLI0joRfZ2yUKG0wtZaexFa9A94GWoVPt6a+Fw==",
      "requires": {
        "countries-list": "^2.3.2",
        "country-state-city": "0.0.5",
        "trie-search": "^1.3.5"
      }
    },
    "csvtojson": {
      "version": "2.0.10",
      "resolved": "https://registry.npmjs.org/csvtojson/-/csvtojson-2.0.10.tgz",
      "integrity": "sha512-lUWFxGKyhraKCW8Qghz6Z0f2l/PqB1W3AO0HKJzGIQ5JRSlR651ekJDiGJbBT4sRNNv5ddnSGVEnsxP9XRCVpQ==",
      "requires": {
        "bluebird": "^3.5.1",
        "lodash": "^4.17.3",
        "strip-bom": "^2.0.0"
      }
    },
    "hasharray": {
      "version": "1.1.2",
      "resolved": "https://registry.npmjs.org/hasharray/-/hasharray-1.1.2.tgz",
      "integrity": "sha512-7w3idwaVXX9gL9LiTCBSNKRGTBcp2WI/kf13UYeZ9+trOGBHVYHei6qtMY6DVnwGOouVUSRg0+L2xf4Q2/CmzA==",
      "requires": {
        "jclass": "^1.0.1"
      }
    },
    "is-utf8": {
      "version": "0.2.1",
      "resolved": "https://registry.npmjs.org/is-utf8/-/is-utf8-0.2.1.tgz",
      "integrity": "sha512-rMYPYvCzsXywIsldgLaSoPlw5PfoB/ssr7hY4pLfcodrA5M/eArza1a9VmTiNIBNMjOGr1Ow9mTyU2o69U6U9Q=="
    },
    "jclass": {
      "version": "1.2.1",
      "resolved": "https://registry.npmjs.org/jclass/-/jclass-1.2.1.tgz",
      "integrity": "sha512-mRx8uv1qJLOtxbRf3IWOQIH2ro7VIPn6ZkhbTcUJvJEslLzYA7BSATXDi/GR1yKYV9DASsjTZL+0YJPdqSMznw=="
    },
    "lodash": {
      "version": "4.17.21",
      "resolved": "https://registry.npmjs.org/lodash/-/lodash-4.17.21.tgz",
      "integrity": "sha512-v2kDEe57lecTulaDIuNTPy3Ry4gLGJ6Z1O3vE1krgXZNrsQ+LFTGHVxVjcXPs17LhbZVGedAJv8XZ1tvj5FvSg=="
    },
    "requirejs": {
      "version": "2.3.6",
      "resolved": "https://registry.npmjs.org/requirejs/-/requirejs-2.3.6.tgz",
      "integrity": "sha512-ipEzlWQe6RK3jkzikgCupiTbTvm4S0/CAU5GlgptkN5SO6F3u0UD0K18wy6ErDqiCyP4J4YYe1HuAShvsxePLg=="
    },
    "strip-bom": {
      "version": "2.0.0",
      "resolved": "https://registry.npmjs.org/strip-bom/-/strip-bom-2.0.0.tgz",
      "integrity": "sha512-kwrX1y7czp1E69n2ajbG65mIo9dqvJ+8aBQXOGVxqwvNbsXdFM6Lq37dLAY3mknUwru8CfcCbfOLL/gMo+fi3g==",
      "requires": {
        "is-utf8": "^0.2.0"
      }
    },
    "trie-search": {
      "version": "1.4.1",
      "resolved": "https://registry.npmjs.org/trie-search/-/trie-search-1.4.1.tgz",
      "integrity": "sha512-kiUwFrR9qwQv1Iks6o/VbqYQCJ4lakQ/rWj+nl0h7rAzt4bY7nUa8TNSsKhZkgvzthX3EjrJQwXK3Bovm5oTNg==",
      "requires": {
        "hasharray": "^1.1.1"
      }
    }
  }
}
